
Microsoft Visual Studio Solution File, Format Version 12.00
Project("{FAE04EC0-301F-11D3-BF4B-00C04F79EFBC}") = "Snake", "Snake\Snake.csproj", "{4A6995A3-4AC4-4954-A7CA-904A77D5AC85}"
EndProject
Global
	GlobalSection(SolutionConfigurationPlatforms) = preSolution
		Debug|Any CPU = Debug|Any CPU
		Release|Any CPU = Release|Any CPU
	EndGlobalSection
	GlobalSection(ProjectConfigurationPlatforms) = postSolution
		{4A6995A3-4AC4-4954-A7CA-904A77D5AC85}.Debug|Any CPU.ActiveCfg = Debug|Any CPU
		{4A6995A3-4AC4-4954-A7CA-904A77D5AC85}.Debug|Any CPU.Build.0 = Debug|Any CPU
		{4A6995A3-4AC4-4954-A7CA-904A77D5AC85}.Release|Any CPU.ActiveCfg = Release|Any CPU
		{4A6995A3-4AC4-4954-A7CA-904A77D5AC85}.Release|Any CPU.Build.0 = Release|Any CPU
	EndGlobalSection
EndGlobal
